uuid: c9679a5a-4666-4cd5-aa2f-ffd433e98976
langcode: en
status: true
dependencies:
  module:
    - midcamp_event_label_block
    - node
  theme:
    - hatter
id: hatter_eventlabelblock
theme: hatter
region: content
weight: -28
provider: null
plugin: event_label_block
settings:
  id: event_label_block
  label: 'Event label block'
  label_display: '0'
  provider: midcamp_event_label_block
visibility:
  'entity_bundle:node':
    id: 'entity_bundle:node'
    negate: false
    context_mapping:
      node: '@node.node_route_context:node'
    bundles:
      article: article
      job: job
      page: page
      sponsor: sponsor
      summit: summit
      topic: topic
      training: training
      venue: venue
