uuid: 5facab86-a7b9-4077-ae5c-aff76303eded
langcode: en
status: true
dependencies:
  module:
    - ctools
    - midcamp_event_label_block
  theme:
    - hatter_2019
id: hatter_2019_eventlabelblock
theme: hatter_2019
region: content
weight: -16
provider: null
plugin: event_label_block
settings:
  id: event_label_block
  label: 'Event label block'
  label_display: '0'
  provider: midcamp_event_label_block
visibility:
  'entity_bundle:node':
    id: 'entity_bundle:node'
    negate: false
    context_mapping:
      node: '@node.node_route_context:node'
    bundles:
      summit: summit
      article: article
      job: job
      page: page
      sponsor: sponsor
      topic: topic
      training: training
      venue: venue
