uuid: 7502ba09-586e-4829-87af-d927e7eea904
langcode: en
status: true
dependencies:
  module:
    - ctools
    - midcamp_event_label_block
  theme:
    - hatter
id: eventlabelblock
theme: hatter
region: content
weight: -11
provider: null
plugin: event_label_block
settings:
  id: event_label_block
  label: 'Event label block'
  provider: midcamp_event_label_block
  label_display: '0'
visibility:
  'entity_bundle:node':
    id: 'entity_bundle:node'
    bundles:
      article: article
    negate: false
    context_mapping:
      node: '@node.node_route_context:node'
